# THIS IS AN AUTOGENERATED FILE. DO NOT EDIT THIS FILE DIRECTLY.
# yarn lockfile v1


"commander@^15.0.0":
  "integrity" "sha512-z67u4ZhzCL/Tydu1lJARtEZYWbWaN7oYLHbsuzocr6y4N6WZAagG3RQ4FW61V1/0+jImpj293XfrcYnd1qxtPg=="
  "resolved" "https://registry.npmjs.org/commander/-/commander-15.0.0.tgz"
  "version" "15.0.0"
